
Microsoft Visual Studio Solution File, Format Version 12.00
# Visual Studio Version 16
VisualStudioVersion = 16.0.31129.286
MinimumVisualStudioVersion = 10.0.40219.1
Project("{FAE04EC0-301F-11D3-BF4B-00C04F79EFBC}") = "BankCustomerServiceV2", "BankCustomerServiceV2\BankCustomerServiceV2.csproj", "{BEE71BC1-5F30-48C1-909A-F7597BAC0DCB}"
EndProject
Global
	GlobalSection(SolutionConfigurationPlatforms) = preSolution
		Debug|Any CPU = Debug|Any CPU
		Release|Any CPU = Release|Any CPU
	EndGlobalSection
	GlobalSection(ProjectConfigurationPlatforms) = postSolution
		{BEE71BC1-5F30-48C1-909A-F7597BAC0DCB}.Debug|Any CPU.ActiveCfg = Debug|Any CPU
		{BEE71BC1-5F30-48C1-909A-F7597BAC0DCB}.Debug|Any CPU.Build.0 = Debug|Any CPU
		{BEE71BC1-5F30-48C1-909A-F7597BAC0DCB}.Release|Any CPU.ActiveCfg = Release|Any CPU
		{BEE71BC1-5F30-48C1-909A-F7597BAC0DCB}.Release|Any CPU.Build.0 = Release|Any CPU
	EndGlobalSection
	GlobalSection(SolutionProperties) = preSolution
		HideSolutionNode = FALSE
	EndGlobalSection
	GlobalSection(ExtensibilityGlobals) = postSolution
		SolutionGuid = {ACA3F994-755B-418F-B9D4-3520F4A81D20}
	EndGlobalSection
EndGlobal
